
Microsoft Visual Studio Solution File, Format Version 12.00
# Visual Studio Version 16
VisualStudioVersion = 16.0.31410.357
MinimumVisualStudioVersion = 10.0.40219.1
Project("{FAE04EC0-301F-11D3-BF4B-00C04F79EFBC}") = "Async_EntytiFramework", "Async_EntytiFramework\Async_EntytiFramework.csproj", "{8CA5D479-A842-41A8-926B-115DBA46735C}"
EndProject
Global
	GlobalSection(SolutionConfigurationPlatforms) = preSolution
		Debug|Any CPU = Debug|Any CPU
		Release|Any CPU = Release|Any CPU
	EndGlobalSection
	GlobalSection(ProjectConfigurationPlatforms) = postSolution
		{8CA5D479-A842-41A8-926B-115DBA46735C}.Debug|Any CPU.ActiveCfg = Debug|Any CPU
		{8CA5D479-A842-41A8-926B-115DBA46735C}.Debug|Any CPU.Build.0 = Debug|Any CPU
		{8CA5D479-A842-41A8-926B-115DBA46735C}.Release|Any CPU.ActiveCfg = Release|Any CPU
		{8CA5D479-A842-41A8-926B-115DBA46735C}.Release|Any CPU.Build.0 = Release|Any CPU
	EndGlobalSection
	GlobalSection(SolutionProperties) = preSolution
		HideSolutionNode = FALSE
	EndGlobalSection
	GlobalSection(ExtensibilityGlobals) = postSolution
		SolutionGuid = {F368E978-E742-4B0D-A399-ED67C5F7964A}
	EndGlobalSection
EndGlobal
